
Microsoft Visual Studio Solution File, Format Version 12.00
# Visual Studio 2013
VisualStudioVersion = 12.0.21005.1
MinimumVisualStudioVersion = 10.0.40219.1
Project("{2150E333-8FDC-42A3-9474-1A3956D46DE8}") = "Core", "Core", "{5612525C-AA2B-46C5-B9C7-1780B5EA1FB4}"
EndProject
Project("{FAE04EC0-301F-11D3-BF4B-00C04F79EFBC}") = "TAE.Core.Cache", "TAE.Core.Cache\TAE.Core.Cache.csproj", "{E6024DA9-D324-4EFD-8599-C362285BC9E9}"
EndProject
Project("{FAE04EC0-301F-11D3-BF4B-00C04F79EFBC}") = "TAE.Core.Config", "TAE.Core.Config\TAE.Core.Config.csproj", "{2E51C8DC-B8AB-425E-A275-F6A97C34AC49}"
EndProject
Project("{FAE04EC0-301F-11D3-BF4B-00C04F79EFBC}") = "TAE.Core.ServiceProvider", "TAE.Core.ServiceProvider\TAE.Core.ServiceProvider.csproj", "{289906F8-83AC-4012-83B0-3C204C2B6CB0}"
EndProject
Project("{2150E333-8FDC-42A3-9474-1A3956D46DE8}") = "Data", "Data", "{A7036447-4214-44D0-8C09-3023237FBEFA}"
EndProject
Project("{FAE04EC0-301F-11D3-BF4B-00C04F79EFBC}") = "TAE.Data.Entity", "TAE.Data.Entity\TAE.Data.Entity.csproj", "{891742BF-574D-4282-9498-26ED601AE769}"
EndProject
Project("{FAE04EC0-301F-11D3-BF4B-00C04F79EFBC}") = "TAE.Data.Model", "TAE.Data.Model\TAE.Data.Model.csproj", "{CAEC7083-7D23-45BC-B62A-F057A37C4018}"
EndProject
Project("{2150E333-8FDC-42A3-9474-1A3956D46DE8}") = "Repository", "Repository", "{59EA28A2-3794-4917-9704-F419A2D05FAA}"
EndProject
Project("{2150E333-8FDC-42A3-9474-1A3956D46DE8}") = "Service", "Service", "{02410890-E206-4E31-B80E-F4F6A65FB726}"
EndProject
Project("{FAE04EC0-301F-11D3-BF4B-00C04F79EFBC}") = "TAE.Repository", "TAE.Repository\TAE.Repository.csproj", "{B1B56E71-19D6-4C1B-8FF8-504FEBD4C845}"
EndProject
Project("{FAE04EC0-301F-11D3-BF4B-00C04F79EFBC}") = "TAE.IRepository", "TAE.IRepository\TAE.IRepository.csproj", "{86FA4DEA-7AAE-4C5F-8ABB-E082DF844A97}"
EndProject
Project("{FAE04EC0-301F-11D3-BF4B-00C04F79EFBC}") = "TAE.IService", "TAE.IService\TAE.IService.csproj", "{D2C585BF-CEE0-4713-90E2-154B60E42381}"
EndProject
Project("{FAE04EC0-301F-11D3-BF4B-00C04F79EFBC}") = "TAE.Service", "TAE.Service\TAE.Service.csproj", "{569F5166-90F9-420A-BBE9-71B2DF80E7D5}"
EndProject
Project("{2150E333-8FDC-42A3-9474-1A3956D46DE8}") = "Plugin", "Plugin", "{757DA849-C55B-4D88-903E-A64BD4836F80}"
EndProject
Project("{2150E333-8FDC-42A3-9474-1A3956D46DE8}") = "Utility", "Utility", "{DEA809BA-4A55-4E35-97CD-389DBB42BDC2}"
EndProject
Project("{FAE04EC0-301F-11D3-BF4B-00C04F79EFBC}") = "TAE.Utility.Common", "TAE.Utility.Common\TAE.Utility.Common.csproj", "{0BDE5378-BA68-45DE-B3DF-75AD4FDA479A}"
EndProject
Project("{FAE04EC0-301F-11D3-BF4B-00C04F79EFBC}") = "TAE.Utility.Tool", "TAE.Utility.Tool\TAE.Utility.Tool.csproj", "{3655D693-0D2B-4E55-8A99-97A84080B451}"
EndProject
Project("{FAE04EC0-301F-11D3-BF4B-00C04F79EFBC}") = "TAE.WebServer", "TAE.WebServer\TAE.WebServer.csproj", "{56BB7732-A26D-4C46-B414-8907664E6133}"
EndProject
Global
	GlobalSection(SolutionConfigurationPlatforms) = preSolution
		Debug|Any CPU = Debug|Any CPU
		Release|Any CPU = Release|Any CPU
	EndGlobalSection
	GlobalSection(ProjectConfigurationPlatforms) = postSolution
		{E6024DA9-D324-4EFD-8599-C362285BC9E9}.Debug|Any CPU.ActiveCfg = Debug|Any CPU
		{E6024DA9-D324-4EFD-8599-C362285BC9E9}.Debug|Any CPU.Build.0 = Debug|Any CPU
		{E6024DA9-D324-4EFD-8599-C362285BC9E9}.Release|Any CPU.ActiveCfg = Release|Any CPU
		{E6024DA9-D324-4EFD-8599-C362285BC9E9}.Release|Any CPU.Build.0 = Release|Any CPU
		{2E51C8DC-B8AB-425E-A275-F6A97C34AC49}.Debug|Any CPU.ActiveCfg = Debug|Any CPU
		{2E51C8DC-B8AB-425E-A275-F6A97C34AC49}.Debug|Any CPU.Build.0 = Debug|Any CPU
		{2E51C8DC-B8AB-425E-A275-F6A97C34AC49}.Release|Any CPU.ActiveCfg = Release|Any CPU
		{2E51C8DC-B8AB-425E-A275-F6A97C34AC49}.Release|Any CPU.Build.0 = Release|Any CPU
		{289906F8-83AC-4012-83B0-3C204C2B6CB0}.Debug|Any CPU.ActiveCfg = Debug|Any CPU
		{289906F8-83AC-4012-83B0-3C204C2B6CB0}.Debug|Any CPU.Build.0 = Debug|Any CPU
		{289906F8-83AC-4012-83B0-3C204C2B6CB0}.Release|Any CPU.ActiveCfg = Release|Any CPU
		{289906F8-83AC-4012-83B0-3C204C2B6CB0}.Release|Any CPU.Build.0 = Release|Any CPU
		{891742BF-574D-4282-9498-26ED601AE769}.Debug|Any CPU.ActiveCfg = Debug|Any CPU
		{891742BF-574D-4282-9498-26ED601AE769}.Debug|Any CPU.Build.0 = Debug|Any CPU
		{891742BF-574D-4282-9498-26ED601AE769}.Release|Any CPU.ActiveCfg = Release|Any CPU
		{891742BF-574D-4282-9498-26ED601AE769}.Release|Any CPU.Build.0 = Release|Any CPU
		{CAEC7083-7D23-45BC-B62A-F057A37C4018}.Debug|Any CPU.ActiveCfg = Debug|Any CPU
		{CAEC7083-7D23-45BC-B62A-F057A37C4018}.Debug|Any CPU.Build.0 = Debug|Any CPU
		{CAEC7083-7D23-45BC-B62A-F057A37C4018}.Release|Any CPU.ActiveCfg = Release|Any CPU
		{CAEC7083-7D23-45BC-B62A-F057A37C4018}.Release|Any CPU.Build.0 = Release|Any CPU
		{B1B56E71-19D6-4C1B-8FF8-504FEBD4C845}.Debug|Any CPU.ActiveCfg = Debug|Any CPU
		{B1B56E71-19D6-4C1B-8FF8-504FEBD4C845}.Debug|Any CPU.Build.0 = Debug|Any CPU
		{B1B56E71-19D6-4C1B-8FF8-504FEBD4C845}.Release|Any CPU.ActiveCfg = Release|Any CPU
		{B1B56E71-19D6-4C1B-8FF8-504FEBD4C845}.Release|Any CPU.Build.0 = Release|Any CPU
		{86FA4DEA-7AAE-4C5F-8ABB-E082DF844A97}.Debug|Any CPU.ActiveCfg = Debug|Any CPU
		{86FA4DEA-7AAE-4C5F-8ABB-E082DF844A97}.Debug|Any CPU.Build.0 = Debug|Any CPU
		{86FA4DEA-7AAE-4C5F-8ABB-E082DF844A97}.Release|Any CPU.ActiveCfg = Release|Any CPU
		{86FA4DEA-7AAE-4C5F-8ABB-E082DF844A97}.Release|Any CPU.Build.0 = Release|Any CPU
		{D2C585BF-CEE0-4713-90E2-154B60E42381}.Debug|Any CPU.ActiveCfg = Debug|Any CPU
		{D2C585BF-CEE0-4713-90E2-154B60E42381}.Debug|Any CPU.Build.0 = Debug|Any CPU
		{D2C585BF-CEE0-4713-90E2-154B60E42381}.Release|Any CPU.ActiveCfg = Release|Any CPU
		{D2C585BF-CEE0-4713-90E2-154B60E42381}.Release|Any CPU.Build.0 = Release|Any CPU
		{569F5166-90F9-420A-BBE9-71B2DF80E7D5}.Debug|Any CPU.ActiveCfg = Debug|Any CPU
		{569F5166-90F9-420A-BBE9-71B2DF80E7D5}.Debug|Any CPU.Build.0 = Debug|Any CPU
		{569F5166-90F9-420A-BBE9-71B2DF80E7D5}.Release|Any CPU.ActiveCfg = Release|Any CPU
		{569F5166-90F9-420A-BBE9-71B2DF80E7D5}.Release|Any CPU.Build.0 = Release|Any CPU
		{0BDE5378-BA68-45DE-B3DF-75AD4FDA479A}.Debug|Any CPU.ActiveCfg = Debug|Any CPU
		{0BDE5378-BA68-45DE-B3DF-75AD4FDA479A}.Debug|Any CPU.Build.0 = Debug|Any CPU
		{0BDE5378-BA68-45DE-B3DF-75AD4FDA479A}.Release|Any CPU.ActiveCfg = Release|Any CPU
		{0BDE5378-BA68-45DE-B3DF-75AD4FDA479A}.Release|Any CPU.Build.0 = Release|Any CPU
		{3655D693-0D2B-4E55-8A99-97A84080B451}.Debug|Any CPU.ActiveCfg = Debug|Any CPU
		{3655D693-0D2B-4E55-8A99-97A84080B451}.Debug|Any CPU.Build.0 = Debug|Any CPU
		{3655D693-0D2B-4E55-8A99-97A84080B451}.Release|Any CPU.ActiveCfg = Release|Any CPU
		{3655D693-0D2B-4E55-8A99-97A84080B451}.Release|Any CPU.Build.0 = Release|Any CPU
		{56BB7732-A26D-4C46-B414-8907664E6133}.Debug|Any CPU.ActiveCfg = Debug|Any CPU
		{56BB7732-A26D-4C46-B414-8907664E6133}.Debug|Any CPU.Build.0 = Debug|Any CPU
		{56BB7732-A26D-4C46-B414-8907664E6133}.Release|Any CPU.ActiveCfg = Release|Any CPU
		{56BB7732-A26D-4C46-B414-8907664E6133}.Release|Any CPU.Build.0 = Release|Any CPU
	EndGlobalSection
	GlobalSection(SolutionProperties) = preSolution
		HideSolutionNode = FALSE
	EndGlobalSection
	GlobalSection(NestedProjects) = preSolution
		{E6024DA9-D324-4EFD-8599-C362285BC9E9} = {5612525C-AA2B-46C5-B9C7-1780B5EA1FB4}
		{2E51C8DC-B8AB-425E-A275-F6A97C34AC49} = {5612525C-AA2B-46C5-B9C7-1780B5EA1FB4}
		{289906F8-83AC-4012-83B0-3C204C2B6CB0} = {5612525C-AA2B-46C5-B9C7-1780B5EA1FB4}
		{891742BF-574D-4282-9498-26ED601AE769} = {A7036447-4214-44D0-8C09-3023237FBEFA}
		{CAEC7083-7D23-45BC-B62A-F057A37C4018} = {A7036447-4214-44D0-8C09-3023237FBEFA}
		{B1B56E71-19D6-4C1B-8FF8-504FEBD4C845} = {59EA28A2-3794-4917-9704-F419A2D05FAA}
		{86FA4DEA-7AAE-4C5F-8ABB-E082DF844A97} = {59EA28A2-3794-4917-9704-F419A2D05FAA}
		{D2C585BF-CEE0-4713-90E2-154B60E42381} = {02410890-E206-4E31-B80E-F4F6A65FB726}
		{569F5166-90F9-420A-BBE9-71B2DF80E7D5} = {02410890-E206-4E31-B80E-F4F6A65FB726}
		{0BDE5378-BA68-45DE-B3DF-75AD4FDA479A} = {DEA809BA-4A55-4E35-97CD-389DBB42BDC2}
		{3655D693-0D2B-4E55-8A99-97A84080B451} = {DEA809BA-4A55-4E35-97CD-389DBB42BDC2}
	EndGlobalSection
EndGlobal
